
Microsoft Visual Studio Solution File, Format Version 12.00
# Visual Studio Version 17
VisualStudioVersion = 17.14.36202.13 d17.14
MinimumVisualStudioVersion = 10.0.40219.1
Project("{FAE04EC0-301F-11D3-BF4B-00C04F79EFBC}") = "TravelTripProje", "TravelTripProje\TravelTripProje.csproj", "{DD7EC795-214A-4DDC-8CB2-F3BD04341432}"
EndProject
Global
	GlobalSection(SolutionConfigurationPlatforms) = preSolution
		Debug|Any CPU = Debug|Any CPU
		Release|Any CPU = Release|Any CPU
	EndGlobalSection
	GlobalSection(ProjectConfigurationPlatforms) = postSolution
		{DD7EC795-214A-4DDC-8CB2-F3BD04341432}.Debug|Any CPU.ActiveCfg = Debug|Any CPU
		{DD7EC795-214A-4DDC-8CB2-F3BD04341432}.Debug|Any CPU.Build.0 = Debug|Any CPU
		{DD7EC795-214A-4DDC-8CB2-F3BD04341432}.Release|Any CPU.ActiveCfg = Release|Any CPU
		{DD7EC795-214A-4DDC-8CB2-F3BD04341432}.Release|Any CPU.Build.0 = Release|Any CPU
	EndGlobalSection
	GlobalSection(SolutionProperties) = preSolution
		HideSolutionNode = FALSE
	EndGlobalSection
	GlobalSection(ExtensibilityGlobals) = postSolution
		SolutionGuid = {8CF741D2-AEA6-4196-847F-4F31B06E3DD2}
	EndGlobalSection
EndGlobal
